
Microsoft Visual Studio Solution File, Format Version 12.00
# Visual Studio Version 16
VisualStudioVersion = 16.0.28803.452
MinimumVisualStudioVersion = 10.0.40219.1
Project("{FAE04EC0-301F-11D3-BF4B-00C04F79EFBC}") = "EightVar", "EightVar.csproj", "{7BE0C3B0-B283-446C-A1CB-7B22EF4A8603}"
EndProject
Global
	GlobalSection(SolutionConfigurationPlatforms) = preSolution
		Debug|Any CPU = Debug|Any CPU
		Release|Any CPU = Release|Any CPU
	EndGlobalSection
	GlobalSection(ProjectConfigurationPlatforms) = postSolution
		{7BE0C3B0-B283-446C-A1CB-7B22EF4A8603}.Debug|Any CPU.ActiveCfg = Debug|Any CPU
		{7BE0C3B0-B283-446C-A1CB-7B22EF4A8603}.Debug|Any CPU.Build.0 = Debug|Any CPU
		{7BE0C3B0-B283-446C-A1CB-7B22EF4A8603}.Release|Any CPU.ActiveCfg = Release|Any CPU
		{7BE0C3B0-B283-446C-A1CB-7B22EF4A8603}.Release|Any CPU.Build.0 = Release|Any CPU
	EndGlobalSection
	GlobalSection(SolutionProperties) = preSolution
		HideSolutionNode = FALSE
	EndGlobalSection
	GlobalSection(ExtensibilityGlobals) = postSolution
		SolutionGuid = {C82A738D-D6B0-46F5-A078-EAF57175406F}
	EndGlobalSection
EndGlobal
